
Microsoft Visual Studio Solution File, Format Version 12.00
# Visual Studio Version 16
VisualStudioVersion = 16.0.29709.97
MinimumVisualStudioVersion = 10.0.40219.1
Project("{FAE04EC0-301F-11D3-BF4B-00C04F79EFBC}") = "RandomSiteControlsMVC", "RandomSiteControlsMVC.csproj", "{5D958857-8A85-415B-B1DB-97DC647AF92C}"
EndProject
Global
	GlobalSection(SolutionConfigurationPlatforms) = preSolution
		Debug|Any CPU = Debug|Any CPU
		Release|Any CPU = Release|Any CPU
	EndGlobalSection
	GlobalSection(ProjectConfigurationPlatforms) = postSolution
		{5D958857-8A85-415B-B1DB-97DC647AF92C}.Debug|Any CPU.ActiveCfg = Debug|Any CPU
		{5D958857-8A85-415B-B1DB-97DC647AF92C}.Debug|Any CPU.Build.0 = Debug|Any CPU
		{5D958857-8A85-415B-B1DB-97DC647AF92C}.Release|Any CPU.ActiveCfg = Release|Any CPU
		{5D958857-8A85-415B-B1DB-97DC647AF92C}.Release|Any CPU.Build.0 = Release|Any CPU
	EndGlobalSection
	GlobalSection(SolutionProperties) = preSolution
		HideSolutionNode = FALSE
	EndGlobalSection
	GlobalSection(ExtensibilityGlobals) = postSolution
		SolutionGuid = {D0E1DF67-FA4F-4FCA-A5F6-5DD0EFACAF51}
	EndGlobalSection
EndGlobal
